
Microsoft Visual Studio Solution File, Format Version 12.00
# Visual Studio Version 16
VisualStudioVersion = 16.0.30611.23
MinimumVisualStudioVersion = 10.0.40219.1
Project("{FAE04EC0-301F-11D3-BF4B-00C04F79EFBC}") = "TRMDataManager", "TRMDataManager\TRMDataManager.csproj", "{2E3DCD04-7BAE-4ECE-B468-A4D47F7FE063}"
EndProject
Project("{00D1A9C2-B5F0-4AF3-8072-F6C62B433612}") = "TRMData", "TRMData\TRMData.sqlproj", "{161125ED-5518-4D7F-A8AE-AAC4C45F8C2C}"
EndProject
Project("{FAE04EC0-301F-11D3-BF4B-00C04F79EFBC}") = "TRMDesktopUI", "TRMDesktopUI\TRMDesktopUI.csproj", "{6404B457-BE51-492E-B19B-12B3C5AF6194}"
EndProject
Project("{FAE04EC0-301F-11D3-BF4B-00C04F79EFBC}") = "TRMDataManager.Library", "TRMDataManager.Library\TRMDataManager.Library.csproj", "{F03E42ED-B154-4FAA-A6EE-6046B1ADB72F}"
EndProject
Project("{FAE04EC0-301F-11D3-BF4B-00C04F79EFBC}") = "TRMDesktopUI.Library", "TRMDesktopUI.Library\TRMDesktopUI.Library.csproj", "{D0D7B10B-FBF5-479F-9E7F-76C4132274A5}"
EndProject
Global
	GlobalSection(SolutionConfigurationPlatforms) = preSolution
		Debug|Any CPU = Debug|Any CPU
		Release|Any CPU = Release|Any CPU
	EndGlobalSection
	GlobalSection(ProjectConfigurationPlatforms) = postSolution
		{2E3DCD04-7BAE-4ECE-B468-A4D47F7FE063}.Debug|Any CPU.ActiveCfg = Debug|Any CPU
		{2E3DCD04-7BAE-4ECE-B468-A4D47F7FE063}.Debug|Any CPU.Build.0 = Debug|Any CPU
		{2E3DCD04-7BAE-4ECE-B468-A4D47F7FE063}.Release|Any CPU.ActiveCfg = Release|Any CPU
		{2E3DCD04-7BAE-4ECE-B468-A4D47F7FE063}.Release|Any CPU.Build.0 = Release|Any CPU
		{161125ED-5518-4D7F-A8AE-AAC4C45F8C2C}.Debug|Any CPU.ActiveCfg = Debug|Any CPU
		{161125ED-5518-4D7F-A8AE-AAC4C45F8C2C}.Debug|Any CPU.Build.0 = Debug|Any CPU
		{161125ED-5518-4D7F-A8AE-AAC4C45F8C2C}.Debug|Any CPU.Deploy.0 = Debug|Any CPU
		{161125ED-5518-4D7F-A8AE-AAC4C45F8C2C}.Release|Any CPU.ActiveCfg = Release|Any CPU
		{161125ED-5518-4D7F-A8AE-AAC4C45F8C2C}.Release|Any CPU.Build.0 = Release|Any CPU
		{161125ED-5518-4D7F-A8AE-AAC4C45F8C2C}.Release|Any CPU.Deploy.0 = Release|Any CPU
		{6404B457-BE51-492E-B19B-12B3C5AF6194}.Debug|Any CPU.ActiveCfg = Debug|Any CPU
		{6404B457-BE51-492E-B19B-12B3C5AF6194}.Debug|Any CPU.Build.0 = Debug|Any CPU
		{6404B457-BE51-492E-B19B-12B3C5AF6194}.Release|Any CPU.ActiveCfg = Release|Any CPU
		{6404B457-BE51-492E-B19B-12B3C5AF6194}.Release|Any CPU.Build.0 = Release|Any CPU
		{F03E42ED-B154-4FAA-A6EE-6046B1ADB72F}.Debug|Any CPU.ActiveCfg = Debug|Any CPU
		{F03E42ED-B154-4FAA-A6EE-6046B1ADB72F}.Debug|Any CPU.Build.0 = Debug|Any CPU
		{F03E42ED-B154-4FAA-A6EE-6046B1ADB72F}.Release|Any CPU.ActiveCfg = Release|Any CPU
		{F03E42ED-B154-4FAA-A6EE-6046B1ADB72F}.Release|Any CPU.Build.0 = Release|Any CPU
		{D0D7B10B-FBF5-479F-9E7F-76C4132274A5}.Debug|Any CPU.ActiveCfg = Debug|Any CPU
		{D0D7B10B-FBF5-479F-9E7F-76C4132274A5}.Debug|Any CPU.Build.0 = Debug|Any CPU
		{D0D7B10B-FBF5-479F-9E7F-76C4132274A5}.Release|Any CPU.ActiveCfg = Release|Any CPU
		{D0D7B10B-FBF5-479F-9E7F-76C4132274A5}.Release|Any CPU.Build.0 = Release|Any CPU
	EndGlobalSection
	GlobalSection(SolutionProperties) = preSolution
		HideSolutionNode = FALSE
	EndGlobalSection
	GlobalSection(ExtensibilityGlobals) = postSolution
		SolutionGuid = {4141E783-708E-4860-876F-8E0F40725C7A}
	EndGlobalSection
EndGlobal
